
Microsoft Visual Studio Solution File, Format Version 12.00
# Visual Studio Version 17
VisualStudioVersion = 17.0.32126.317
MinimumVisualStudioVersion = 10.0.40219.1
Project("{8BC9CEB8-8B4A-11D0-8D11-00A0C91BC942}") = "typedef1", "typedef1\typedef1.vcxproj", "{CD2389CD-99BA-4E24-8BE6-2C56441F8F59}"
EndProject
Global
	GlobalSection(SolutionConfigurationPlatforms) = preSolution
		Debug|x64 = Debug|x64
		Debug|x86 = Debug|x86
		Release|x64 = Release|x64
		Release|x86 = Release|x86
	EndGlobalSection
	GlobalSection(ProjectConfigurationPlatforms) = postSolution
		{CD2389CD-99BA-4E24-8BE6-2C56441F8F59}.Debug|x64.ActiveCfg = Debug|x64
		{CD2389CD-99BA-4E24-8BE6-2C56441F8F59}.Debug|x64.Build.0 = Debug|x64
		{CD2389CD-99BA-4E24-8BE6-2C56441F8F59}.Debug|x86.ActiveCfg = Debug|Win32
		{CD2389CD-99BA-4E24-8BE6-2C56441F8F59}.Debug|x86.Build.0 = Debug|Win32
		{CD2389CD-99BA-4E24-8BE6-2C56441F8F59}.Release|x64.ActiveCfg = Release|x64
		{CD2389CD-99BA-4E24-8BE6-2C56441F8F59}.Release|x64.Build.0 = Release|x64
		{CD2389CD-99BA-4E24-8BE6-2C56441F8F59}.Release|x86.ActiveCfg = Release|Win32
		{CD2389CD-99BA-4E24-8BE6-2C56441F8F59}.Release|x86.Build.0 = Release|Win32
	EndGlobalSection
	GlobalSection(SolutionProperties) = preSolution
		HideSolutionNode = FALSE
	EndGlobalSection
	GlobalSection(ExtensibilityGlobals) = postSolution
		SolutionGuid = {3DA1FF3B-0706-4BCC-BBF1-59EE04C28F8F}
	EndGlobalSection
EndGlobal
