
Microsoft Visual Studio Solution File, Format Version 12.00
# Visual Studio Version 17
VisualStudioVersion = 17.0.32014.148
MinimumVisualStudioVersion = 10.0.40219.1
Project("{8BC9CEB8-8B4A-11D0-8D11-00A0C91BC942}") = "Function", "Function\Function.vcxproj", "{4F697F1D-9A0F-467B-9620-32758F175080}"
EndProject
Global
	GlobalSection(SolutionConfigurationPlatforms) = preSolution
		Debug|x64 = Debug|x64
		Debug|x86 = Debug|x86
		Release|x64 = Release|x64
		Release|x86 = Release|x86
	EndGlobalSection
	GlobalSection(ProjectConfigurationPlatforms) = postSolution
		{4F697F1D-9A0F-467B-9620-32758F175080}.Debug|x64.ActiveCfg = Debug|x64
		{4F697F1D-9A0F-467B-9620-32758F175080}.Debug|x64.Build.0 = Debug|x64
		{4F697F1D-9A0F-467B-9620-32758F175080}.Debug|x86.ActiveCfg = Debug|Win32
		{4F697F1D-9A0F-467B-9620-32758F175080}.Debug|x86.Build.0 = Debug|Win32
		{4F697F1D-9A0F-467B-9620-32758F175080}.Release|x64.ActiveCfg = Release|x64
		{4F697F1D-9A0F-467B-9620-32758F175080}.Release|x64.Build.0 = Release|x64
		{4F697F1D-9A0F-467B-9620-32758F175080}.Release|x86.ActiveCfg = Release|Win32
		{4F697F1D-9A0F-467B-9620-32758F175080}.Release|x86.Build.0 = Release|Win32
	EndGlobalSection
	GlobalSection(SolutionProperties) = preSolution
		HideSolutionNode = FALSE
	EndGlobalSection
	GlobalSection(ExtensibilityGlobals) = postSolution
		SolutionGuid = {F5F63246-7D5A-4FE0-86C2-E98C2B9B066F}
	EndGlobalSection
EndGlobal
